
Microsoft Visual Studio Solution File, Format Version 12.00
# Visual Studio Version 17
VisualStudioVersion = 17.9.34622.214
MinimumVisualStudioVersion = 10.0.40219.1
Project("{FAE04EC0-301F-11D3-BF4B-00C04F79EFBC}") = "backend", "backend.csproj", "{D4AD5FA1-9459-4844-8F7B-D881CD80455A}"
EndProject
Global
	GlobalSection(SolutionConfigurationPlatforms) = preSolution
		Debug|Any CPU = Debug|Any CPU
		Release|Any CPU = Release|Any CPU
	EndGlobalSection
	GlobalSection(ProjectConfigurationPlatforms) = postSolution
		{D4AD5FA1-9459-4844-8F7B-D881CD80455A}.Debug|Any CPU.ActiveCfg = Debug|Any CPU
		{D4AD5FA1-9459-4844-8F7B-D881CD80455A}.Debug|Any CPU.Build.0 = Debug|Any CPU
		{D4AD5FA1-9459-4844-8F7B-D881CD80455A}.Release|Any CPU.ActiveCfg = Release|Any CPU
		{D4AD5FA1-9459-4844-8F7B-D881CD80455A}.Release|Any CPU.Build.0 = Release|Any CPU
	EndGlobalSection
	GlobalSection(SolutionProperties) = preSolution
		HideSolutionNode = FALSE
	EndGlobalSection
	GlobalSection(ExtensibilityGlobals) = postSolution
		SolutionGuid = {23FDE9F8-4E9F-4BF2-865C-0070A8A60A45}
	EndGlobalSection
EndGlobal
